
Microsoft Visual Studio Solution File, Format Version 12.00
# Visual Studio Version 16
VisualStudioVersion = 16.0.29324.140
MinimumVisualStudioVersion = 10.0.40219.1
Project("{9A19103F-16F7-4668-BE54-9A1E7A4F7556}") = "PCConfigurator.Core", "PCConfigurator.Core\PCConfigurator.Core.csproj", "{AF8086FB-4A67-4CE1-97D6-DA20E16C6770}"
EndProject
Project("{9A19103F-16F7-4668-BE54-9A1E7A4F7556}") = "PCConfigurator.Core.Tests", "PCConfigurator.Core.Tests\PCConfigurator.Core.Tests.csproj", "{ACFE1A2B-FF4B-4461-A994-9138E378B904}"
EndProject
Project("{9A19103F-16F7-4668-BE54-9A1E7A4F7556}") = "PCConfigurator.DataAccess.Mssql.EntityFramework", "PCConfigurator.DataAccess.Mssql.EntityFramework\PCConfigurator.DataAccess.Mssql.EntityFramework.csproj", "{3F149C26-109B-4FD8-BCF2-FF9BD78544F7}"
EndProject
Project("{FAE04EC0-301F-11D3-BF4B-00C04F79EFBC}") = "PCConfigurator.Application", "PCConfigurator.Application\PCConfigurator.Application.csproj", "{C2CD5597-4660-4C6D-BFF5-D2F6B5503B3F}"
EndProject
Project("{FAE04EC0-301F-11D3-BF4B-00C04F79EFBC}") = "PCConfigurator.Application.Tests", "PCConfigurator.Application.Tests\PCConfigurator.Application.Tests.csproj", "{A36B0BE5-E43A-41F9-8286-DA54CB707683}"
EndProject
Project("{FAE04EC0-301F-11D3-BF4B-00C04F79EFBC}") = "PCConfigurator.Web", "PCConfigurator.Web\PCConfigurator.Web.csproj", "{7A3176AD-866F-44C2-A826-9AA64F570991}"
EndProject
Global
	GlobalSection(SolutionConfigurationPlatforms) = preSolution
		Debug|Any CPU = Debug|Any CPU
		Release|Any CPU = Release|Any CPU
	EndGlobalSection
	GlobalSection(ProjectConfigurationPlatforms) = postSolution
		{AF8086FB-4A67-4CE1-97D6-DA20E16C6770}.Debug|Any CPU.ActiveCfg = Debug|Any CPU
		{AF8086FB-4A67-4CE1-97D6-DA20E16C6770}.Debug|Any CPU.Build.0 = Debug|Any CPU
		{AF8086FB-4A67-4CE1-97D6-DA20E16C6770}.Release|Any CPU.ActiveCfg = Release|Any CPU
		{AF8086FB-4A67-4CE1-97D6-DA20E16C6770}.Release|Any CPU.Build.0 = Release|Any CPU
		{ACFE1A2B-FF4B-4461-A994-9138E378B904}.Debug|Any CPU.ActiveCfg = Debug|Any CPU
		{ACFE1A2B-FF4B-4461-A994-9138E378B904}.Debug|Any CPU.Build.0 = Debug|Any CPU
		{ACFE1A2B-FF4B-4461-A994-9138E378B904}.Release|Any CPU.ActiveCfg = Release|Any CPU
		{ACFE1A2B-FF4B-4461-A994-9138E378B904}.Release|Any CPU.Build.0 = Release|Any CPU
		{3F149C26-109B-4FD8-BCF2-FF9BD78544F7}.Debug|Any CPU.ActiveCfg = Debug|Any CPU
		{3F149C26-109B-4FD8-BCF2-FF9BD78544F7}.Debug|Any CPU.Build.0 = Debug|Any CPU
		{3F149C26-109B-4FD8-BCF2-FF9BD78544F7}.Release|Any CPU.ActiveCfg = Release|Any CPU
		{3F149C26-109B-4FD8-BCF2-FF9BD78544F7}.Release|Any CPU.Build.0 = Release|Any CPU
		{C2CD5597-4660-4C6D-BFF5-D2F6B5503B3F}.Debug|Any CPU.ActiveCfg = Debug|Any CPU
		{C2CD5597-4660-4C6D-BFF5-D2F6B5503B3F}.Debug|Any CPU.Build.0 = Debug|Any CPU
		{C2CD5597-4660-4C6D-BFF5-D2F6B5503B3F}.Release|Any CPU.ActiveCfg = Release|Any CPU
		{C2CD5597-4660-4C6D-BFF5-D2F6B5503B3F}.Release|Any CPU.Build.0 = Release|Any CPU
		{A36B0BE5-E43A-41F9-8286-DA54CB707683}.Debug|Any CPU.ActiveCfg = Debug|Any CPU
		{A36B0BE5-E43A-41F9-8286-DA54CB707683}.Debug|Any CPU.Build.0 = Debug|Any CPU
		{A36B0BE5-E43A-41F9-8286-DA54CB707683}.Release|Any CPU.ActiveCfg = Release|Any CPU
		{A36B0BE5-E43A-41F9-8286-DA54CB707683}.Release|Any CPU.Build.0 = Release|Any CPU
		{7A3176AD-866F-44C2-A826-9AA64F570991}.Debug|Any CPU.ActiveCfg = Debug|Any CPU
		{7A3176AD-866F-44C2-A826-9AA64F570991}.Debug|Any CPU.Build.0 = Debug|Any CPU
		{7A3176AD-866F-44C2-A826-9AA64F570991}.Release|Any CPU.ActiveCfg = Release|Any CPU
		{7A3176AD-866F-44C2-A826-9AA64F570991}.Release|Any CPU.Build.0 = Release|Any CPU
	EndGlobalSection
	GlobalSection(SolutionProperties) = preSolution
		HideSolutionNode = FALSE
	EndGlobalSection
	GlobalSection(ExtensibilityGlobals) = postSolution
		SolutionGuid = {24BBB3C3-B242-4338-A971-790F17A0F447}
	EndGlobalSection
EndGlobal
